
Microsoft Visual Studio Solution File, Format Version 12.00
# Visual Studio 15
VisualStudioVersion = 15.0.27130.2027
MinimumVisualStudioVersion = 10.0.40219.1
Project("{FAE04EC0-301F-11D3-BF4B-00C04F79EFBC}") = "FcmClient.Tests", "FcmClient.Tests\FcmClient.Tests.csproj", "{036C3EFE-FD02-4195-AA82-4B688FF4564E}"
EndProject
Project("{FAE04EC0-301F-11D3-BF4B-00C04F79EFBC}") = "FcmClient", "FcmClient\FcmClient.csproj", "{BCAA4458-D134-4BD5-A32E-DF30CD56805B}"
EndProject
Global
	GlobalSection(SolutionConfigurationPlatforms) = preSolution
		Debug|Any CPU = Debug|Any CPU
		Release|Any CPU = Release|Any CPU
	EndGlobalSection
	GlobalSection(ProjectConfigurationPlatforms) = postSolution
		{036C3EFE-FD02-4195-AA82-4B688FF4564E}.Debug|Any CPU.ActiveCfg = Debug|Any CPU
		{036C3EFE-FD02-4195-AA82-4B688FF4564E}.Debug|Any CPU.Build.0 = Debug|Any CPU
		{036C3EFE-FD02-4195-AA82-4B688FF4564E}.Release|Any CPU.ActiveCfg = Release|Any CPU
		{036C3EFE-FD02-4195-AA82-4B688FF4564E}.Release|Any CPU.Build.0 = Release|Any CPU
		{BCAA4458-D134-4BD5-A32E-DF30CD56805B}.Debug|Any CPU.ActiveCfg = Debug|Any CPU
		{BCAA4458-D134-4BD5-A32E-DF30CD56805B}.Debug|Any CPU.Build.0 = Debug|Any CPU
		{BCAA4458-D134-4BD5-A32E-DF30CD56805B}.Release|Any CPU.ActiveCfg = Release|Any CPU
		{BCAA4458-D134-4BD5-A32E-DF30CD56805B}.Release|Any CPU.Build.0 = Release|Any CPU
	EndGlobalSection
	GlobalSection(SolutionProperties) = preSolution
		HideSolutionNode = FALSE
	EndGlobalSection
	GlobalSection(ExtensibilityGlobals) = postSolution
		SolutionGuid = {E988DE15-AFBC-42EC-BF30-CFA437CC31A1}
	EndGlobalSection
EndGlobal
